// !$*UTF8*$!
{
	archiveVersion = 1;
	classes = {
	};
	objectVersion = 51;
	objects = {

/* Begin PBXBuildFile section */
		5092ADFC25ABAE25003C9DDE /* SearchViewController.swift in Sources */ = {isa = PBXBuildFile; fileRef = 5092ADFA25ABAE25003C9DDE /* SearchViewController.swift */; };
		5092ADFD25ABAE25003C9DDE /* SearchViewController.xib in Resources */ = {isa = PBXBuildFile; fileRef = 5092ADFB25ABAE25003C9DDE /* SearchViewController.xib */; };
		5092AE0E25ABAF55003C9DDE /* Main.strings in Resources */ = {isa = PBXBuildFile; fileRef = 5092AE1025ABAF55003C9DDE /* Main.strings */; };
		5092AE1A25ABAFFD003C9DDE /* Extensions.swift in Sources */ = {isa = PBXBuildFile; fileRef = 5092AE1925ABAFFD003C9DDE /* Extensions.swift */; };
		5092AE2925ABB737003C9DDE /* PlayerCell.swift in Sources */ = {isa = PBXBuildFile; fileRef = 5092AE2725ABB737003C9DDE /* PlayerCell.swift */; };
		5092AE2A25ABB737003C9DDE /* PlayerCell.xib in Resources */ = {isa = PBXBuildFile; fileRef = 5092AE2825ABB737003C9DDE /* PlayerCell.xib */; };
		5092AE3225ABB8AE003C9DDE /* Aliases.swift in Sources */ = {isa = PBXBuildFile; fileRef = 5092AE3125ABB8AE003C9DDE /* Aliases.swift */; };
		5092AE3725ABBD56003C9DDE /* ballAnimation.json in Resources */ = {isa = PBXBuildFile; fileRef = 5092AE3625ABBD56003C9DDE /* ballAnimation.json */; };
		5092AE4F25ABC785003C9DDE /* DetailViewController.swift in Sources */ = {isa = PBXBuildFile; fileRef = 5092AE4D25ABC785003C9DDE /* DetailViewController.swift */; };
		5092AE5025ABC785003C9DDE /* DetailViewController.xib in Resources */ = {isa = PBXBuildFile; fileRef = 5092AE4E25ABC785003C9DDE /* DetailViewController.xib */; };
		5092AE5F25ABD507003C9DDE /* Utils.swift in Sources */ = {isa = PBXBuildFile; fileRef = 5092AE5E25ABD507003C9DDE /* Utils.swift */; };
		50FA14A325AB6FA200D29F93 /* AppDelegate.swift in Sources */ = {isa = PBXBuildFile; fileRef = 50FA14A225AB6FA200D29F93 /* AppDelegate.swift */; };
		50FA14A525AB6FA200D29F93 /* SceneDelegate.swift in Sources */ = {isa = PBXBuildFile; fileRef = 50FA14A425AB6FA200D29F93 /* SceneDelegate.swift */; };
		50FA14AC25AB6FA200D29F93 /* Assets.xcassets in Resources */ = {isa = PBXBuildFile; fileRef = 50FA14AB25AB6FA200D29F93 /* Assets.xcassets */; };
		50FA14AF25AB6FA200D29F93 /* LaunchScreen.storyboard in Resources */ = {isa = PBXBuildFile; fileRef = 50FA14AD25AB6FA200D29F93 /* LaunchScreen.storyboard */; };
		50FA14BA25AB6FA300D29F93 /* PT_FDS_AlbertTests.swift in Sources */ = {isa = PBXBuildFile; fileRef = 50FA14B925AB6FA300D29F93 /* PT_FDS_AlbertTests.swift */; };
		50FA14C525AB6FA300D29F93 /* PT_FDS_AlbertUITests.swift in Sources */ = {isa = PBXBuildFile; fileRef = 50FA14C425AB6FA300D29F93 /* PT_FDS_AlbertUITests.swift */; };
		50FA14E825AB761E00D29F93 /* Api.swift in Sources */ = {isa = PBXBuildFile; fileRef = 50FA14E725AB761E00D29F93 /* Api.swift */; };
		50FA14F125AB833900D29F93 /* NetworkManager.swift in Sources */ = {isa = PBXBuildFile; fileRef = 50FA14F025AB833900D29F93 /* NetworkManager.swift */; };
		50FA14FA25AB83B500D29F93 /* Player.swift in Sources */ = {isa = PBXBuildFile; fileRef = 50FA14F925AB83B500D29F93 /* Player.swift */; };
		50FA150225AB8A1E00D29F93 /* Team.swift in Sources */ = {isa = PBXBuildFile; fileRef = 50FA150125AB8A1E00D29F93 /* Team.swift */; };
		BFB800858E69EB1D9EE903D2 /* Pods_PT_FDS_AlbertTests.framework in Frameworks */ = {isa = PBXBuildFile; fileRef = 9E3D82F461BC561FA3B55939 /* Pods_PT_FDS_AlbertTests.framework */; };
		CFD9E17FC19B5A777FDE149F /* Pods_PT_FDS_Albert_PT_FDS_AlbertUITests.framework in Frameworks */ = {isa = PBXBuildFile; fileRef = 7FB16699C67530079EF72EE7 /* Pods_PT_FDS_Albert_PT_FDS_AlbertUITests.framework */; };
		E6648AA5815913978FE758E7 /* Pods_PT_FDS_Albert.framework in Frameworks */ = {isa = PBXBuildFile; fileRef = B086952DB1AD6B2F93E93B7A /* Pods_PT_FDS_Albert.framework */; };
/* End PBXBuildFile section */

/* Begin PBXContainerItemProxy section */
		50FA14B625AB6FA300D29F93 /* PBXContainerItemProxy */ = {
			isa = PBXContainerItemProxy;
			containerPortal = 50FA149725AB6FA200D29F93 /* Project object */;
			proxyType = 1;
			remoteGlobalIDString = 50FA149E25AB6FA200D29F93;
			remoteInfo = "PT FDS Albert";
		};
		50FA14C125AB6FA300D29F93 /* PBXContainerItemProxy */ = {
			isa = PBXContainerItemProxy;
			containerPortal = 50FA149725AB6FA200D29F93 /* Project object */;
			proxyType = 1;
			remoteGlobalIDString = 50FA149E25AB6FA200D29F93;
			remoteInfo = "PT FDS Albert";
		};
/* End PBXContainerItemProxy section */

/* Begin PBXFileReference section */
		43D331362DDB219E7EFC80EE /* Pods-PT FDS Albert.release.xcconfig */ = {isa = PBXFileReference; includeInIndex = 1; lastKnownFileType = text.xcconfig; name = "Pods-PT FDS Albert.release.xcconfig"; path = "Target Support Files/Pods-PT FDS Albert/Pods-PT FDS Albert.release.xcconfig"; sourceTree = "<group>"; };
		5092ADFA25ABAE25003C9DDE /* SearchViewController.swift */ = {isa = PBXFileReference; lastKnownFileType = sourcecode.swift; path = SearchViewController.swift; sourceTree = "<group>"; };
		5092ADFB25ABAE25003C9DDE /* SearchViewController.xib */ = {isa = PBXFileReference; lastKnownFileType = file.xib; path = SearchViewController.xib; sourceTree = "<group>"; };
		5092AE0F25ABAF55003C9DDE /* en */ = {isa = PBXFileReference; lastKnownFileType = text.plist.strings; name = en; path = en.lproj/Main.strings; sourceTree = "<group>"; };
		5092AE1425ABAF79003C9DDE /* es */ = {isa = PBXFileReference; lastKnownFileType = text.plist.strings; name = es; path = es.lproj/LaunchScreen.strings; sourceTree = "<group>"; };
		5092AE1525ABAF79003C9DDE /* es */ = {isa = PBXFileReference; lastKnownFileType = text.plist.strings; name = es; path = es.lproj/Main.strings; sourceTree = "<group>"; };
		5092AE1925ABAFFD003C9DDE /* Extensions.swift */ = {isa = PBXFileReference; lastKnownFileType = sourcecode.swift; path = Extensions.swift; sourceTree = "<group>"; };
		5092AE2725ABB737003C9DDE /* PlayerCell.swift */ = {isa = PBXFileReference; lastKnownFileType = sourcecode.swift; path = PlayerCell.swift; sourceTree = "<group>"; };
		5092AE2825ABB737003C9DDE /* PlayerCell.xib */ = {isa = PBXFileReference; lastKnownFileType = file.xib; path = PlayerCell.xib; sourceTree = "<group>"; };
		5092AE3125ABB8AE003C9DDE /* Aliases.swift */ = {isa = PBXFileReference; lastKnownFileType = sourcecode.swift; path = Aliases.swift; sourceTree = "<group>"; };
		5092AE3625ABBD56003C9DDE /* ballAnimation.json */ = {isa = PBXFileReference; fileEncoding = 4; lastKnownFileType = text.json; path = ballAnimation.json; sourceTree = "<group>"; };
		5092AE4D25ABC785003C9DDE /* DetailViewController.swift */ = {isa = PBXFileReference; lastKnownFileType = sourcecode.swift; path = DetailViewController.swift; sourceTree = "<group>"; };
		5092AE4E25ABC785003C9DDE /* DetailViewController.xib */ = {isa = PBXFileReference; lastKnownFileType = file.xib; path = DetailViewController.xib; sourceTree = "<group>"; };
		5092AE5E25ABD507003C9DDE /* Utils.swift */ = {isa = PBXFileReference; lastKnownFileType = sourcecode.swift; path = Utils.swift; sourceTree = "<group>"; };
		50FA149F25AB6FA200D29F93 /* PT FDS Albert.app */ = {isa = PBXFileReference; explicitFileType = wrapper.application; includeInIndex = 0; path = "PT FDS Albert.app"; sourceTree = BUILT_PRODUCTS_DIR; };
		50FA14A225AB6FA200D29F93 /* AppDelegate.swift */ = {isa = PBXFileReference; lastKnownFileType = sourcecode.swift; path = AppDelegate.swift; sourceTree = "<group>"; };
		50FA14A425AB6FA200D29F93 /* SceneDelegate.swift */ = {isa = PBXFileReference; lastKnownFileType = sourcecode.swift; path = SceneDelegate.swift; sourceTree = "<group>"; };
		50FA14AB25AB6FA200D29F93 /* Assets.xcassets */ = {isa = PBXFileReference; lastKnownFileType = folder.assetcatalog; path = Assets.xcassets; sourceTree = "<group>"; };
		50FA14AE25AB6FA200D29F93 /* Base */ = {isa = PBXFileReference; lastKnownFileType = file.storyboard; name = Base; path = Base.lproj/LaunchScreen.storyboard; sourceTree = "<group>"; };
		50FA14B025AB6FA200D29F93 /* Info.plist */ = {isa = PBXFileReference; lastKnownFileType = text.plist.xml; path = Info.plist; sourceTree = "<group>"; };
		50FA14B525AB6FA300D29F93 /* PT FDS AlbertTests.xctest */ = {isa = PBXFileReference; explicitFileType = wrapper.cfbundle; includeInIndex = 0; path = "PT FDS AlbertTests.xctest"; sourceTree = BUILT_PRODUCTS_DIR; };
		50FA14B925AB6FA300D29F93 /* PT_FDS_AlbertTests.swift */ = {isa = PBXFileReference; lastKnownFileType = sourcecode.swift; path = PT_FDS_AlbertTests.swift; sourceTree = "<group>"; };
		50FA14BB25AB6FA300D29F93 /* Info.plist */ = {isa = PBXFileReference; lastKnownFileType = text.plist.xml; path = Info.plist; sourceTree = "<group>"; };
		50FA14C025AB6FA300D29F93 /* PT FDS AlbertUITests.xctest */ = {isa = PBXFileReference; explicitFileType = wrapper.cfbundle; includeInIndex = 0; path = "PT FDS AlbertUITests.xctest"; sourceTree = BUILT_PRODUCTS_DIR; };
		50FA14C425AB6FA300D29F93 /* PT_FDS_AlbertUITests.swift */ = {isa = PBXFileReference; lastKnownFileType = sourcecode.swift; path = PT_FDS_AlbertUITests.swift; sourceTree = "<group>"; };
		50FA14C625AB6FA300D29F93 /* Info.plist */ = {isa = PBXFileReference; lastKnownFileType = text.plist.xml; path = Info.plist; sourceTree = "<group>"; };
		50FA14E725AB761E00D29F93 /* Api.swift */ = {isa = PBXFileReference; lastKnownFileType = sourcecode.swift; path = Api.swift; sourceTree = "<group>"; };
		50FA14F025AB833900D29F93 /* NetworkManager.swift */ = {isa = PBXFileReference; lastKnownFileType = sourcecode.swift; path = NetworkManager.swift; sourceTree = "<group>"; };
		50FA14F925AB83B500D29F93 /* Player.swift */ = {isa = PBXFileReference; lastKnownFileType = sourcecode.swift; path = Player.swift; sourceTree = "<group>"; };
		50FA150125AB8A1E00D29F93 /* Team.swift */ = {isa = PBXFileReference; lastKnownFileType = sourcecode.swift; path = Team.swift; sourceTree = "<group>"; };
		6BA306F5FD83E75F686A2BFD /* Pods-PT FDS Albert-PT FDS AlbertUITests.release.xcconfig */ = {isa = PBXFileReference; includeInIndex = 1; lastKnownFileType = text.xcconfig; name = "Pods-PT FDS Albert-PT FDS AlbertUITests.release.xcconfig"; path = "Target Support Files/Pods-PT FDS Albert-PT FDS AlbertUITests/Pods-PT FDS Albert-PT FDS AlbertUITests.release.xcconfig"; sourceTree = "<group>"; };
		6F489C7D98C71F735C5867DA /* Pods-PT FDS AlbertTests.debug.xcconfig */ = {isa = PBXFileReference; includeInIndex = 1; lastKnownFileType = text.xcconfig; name = "Pods-PT FDS AlbertTests.debug.xcconfig"; path = "Target Support Files/Pods-PT FDS AlbertTests/Pods-PT FDS AlbertTests.debug.xcconfig"; sourceTree = "<group>"; };
		7FB16699C67530079EF72EE7 /* Pods_PT_FDS_Albert_PT_FDS_AlbertUITests.framework */ = {isa = PBXFileReference; explicitFileType = wrapper.framework; includeInIndex = 0; path = Pods_PT_FDS_Albert_PT_FDS_AlbertUITests.framework; sourceTree = BUILT_PRODUCTS_DIR; };
		8E5932FD1AC2C1636E92EC83 /* Pods-PT FDS AlbertTests.release.xcconfig */ = {isa = PBXFileReference; includeInIndex = 1; lastKnownFileType = text.xcconfig; name = "Pods-PT FDS AlbertTests.release.xcconfig"; path = "Target Support Files/Pods-PT FDS AlbertTests/Pods-PT FDS AlbertTests.release.xcconfig"; sourceTree = "<group>"; };
		9E3D82F461BC561FA3B55939 /* Pods_PT_FDS_AlbertTests.framework */ = {isa = PBXFileReference; explicitFileType = wrapper.framework; includeInIndex = 0; path = Pods_PT_FDS_AlbertTests.framework; sourceTree = BUILT_PRODUCTS_DIR; };
		AA982FABD70CDC0AFFFAB1A5 /* Pods-PT FDS Albert-PT FDS AlbertUITests.debug.xcconfig */ = {isa = PBXFileReference; includeInIndex = 1; lastKnownFileType = text.xcconfig; name = "Pods-PT FDS Albert-PT FDS AlbertUITests.debug.xcconfig"; path = "Target Support Files/Pods-PT FDS Albert-PT FDS AlbertUITests/Pods-PT FDS Albert-PT FDS AlbertUITests.debug.xcconfig"; sourceTree = "<group>"; };
		B086952DB1AD6B2F93E93B7A /* Pods_PT_FDS_Albert.framework */ = {isa = PBXFileReference; explicitFileType = wrapper.framework; includeInIndex = 0; path = Pods_PT_FDS_Albert.framework; sourceTree = BUILT_PRODUCTS_DIR; };
		F32FFBF9E858A22545938F50 /* Pods-PT FDS Albert.debug.xcconfig */ = {isa = PBXFileReference; includeInIndex = 1; lastKnownFileType = text.xcconfig; name = "Pods-PT FDS Albert.debug.xcconfig"; path = "Target Support Files/Pods-PT FDS Albert/Pods-PT FDS Albert.debug.xcconfig"; sourceTree = "<group>"; };
/* End PBXFileReference section */

/* Begin PBXFrameworksBuildPhase section */
		50FA149C25AB6FA200D29F93 /* Frameworks */ = {
			isa = PBXFrameworksBuildPhase;
			buildActionMask = 2147483647;
			files = (
				E6648AA5815913978FE758E7 /* Pods_PT_FDS_Albert.framework in Frameworks */,
			);
			runOnlyForDeploymentPostprocessing = 0;
		};
		50FA14B225AB6FA300D29F93 /* Frameworks */ = {
			isa = PBXFrameworksBuildPhase;
			buildActionMask = 2147483647;
			files = (
				BFB800858E69EB1D9EE903D2 /* Pods_PT_FDS_AlbertTests.framework in Frameworks */,
			);
			runOnlyForDeploymentPostprocessing = 0;
		};
		50FA14BD25AB6FA300D29F93 /* Frameworks */ = {
			isa = PBXFrameworksBuildPhase;
			buildActionMask = 2147483647;
			files = (
				CFD9E17FC19B5A777FDE149F /* Pods_PT_FDS_Albert_PT_FDS_AlbertUITests.framework in Frameworks */,
			);
			runOnlyForDeploymentPostprocessing = 0;
		};
/* End PBXFrameworksBuildPhase section */

/* Begin PBXGroup section */
		1784C6143DC4E5CD99A1FC10 /* Pods */ = {
			isa = PBXGroup;
			children = (
				F32FFBF9E858A22545938F50 /* Pods-PT FDS Albert.debug.xcconfig */,
				43D331362DDB219E7EFC80EE /* Pods-PT FDS Albert.release.xcconfig */,
				AA982FABD70CDC0AFFFAB1A5 /* Pods-PT FDS Albert-PT FDS AlbertUITests.debug.xcconfig */,
				6BA306F5FD83E75F686A2BFD /* Pods-PT FDS Albert-PT FDS AlbertUITests.release.xcconfig */,
				6F489C7D98C71F735C5867DA /* Pods-PT FDS AlbertTests.debug.xcconfig */,
				8E5932FD1AC2C1636E92EC83 /* Pods-PT FDS AlbertTests.release.xcconfig */,
			);
			path = Pods;
			sourceTree = "<group>";
		};
		5092AE0125ABAF10003C9DDE /* Resources */ = {
			isa = PBXGroup;
			children = (
				50FA14AB25AB6FA200D29F93 /* Assets.xcassets */,
				5092AE3625ABBD56003C9DDE /* ballAnimation.json */,
				5092AE0525ABAF2E003C9DDE /* Strings */,
			);
			path = Resources;
			sourceTree = "<group>";
		};
		5092AE0525ABAF2E003C9DDE /* Strings */ = {
			isa = PBXGroup;
			children = (
				5092AE1025ABAF55003C9DDE /* Main.strings */,
			);
			path = Strings;
			sourceTree = "<group>";
		};
		5092AE2625ABB715003C9DDE /* Cells */ = {
			isa = PBXGroup;
			children = (
				5092AE2725ABB737003C9DDE /* PlayerCell.swift */,
				5092AE2825ABB737003C9DDE /* PlayerCell.xib */,
			);
			path = Cells;
			sourceTree = "<group>";
		};
		50FA149625AB6FA200D29F93 = {
			isa = PBXGroup;
			children = (
				50FA14A125AB6FA200D29F93 /* PT FDS Albert */,
				50FA14B825AB6FA300D29F93 /* PT FDS AlbertTests */,
				50FA14C325AB6FA300D29F93 /* PT FDS AlbertUITests */,
				50FA14A025AB6FA200D29F93 /* Products */,
				1784C6143DC4E5CD99A1FC10 /* Pods */,
				C029D851BB139DBA1F21225E /* Frameworks */,
			);
			sourceTree = "<group>";
		};
		50FA14A025AB6FA200D29F93 /* Products */ = {
			isa = PBXGroup;
			children = (
				50FA149F25AB6FA200D29F93 /* PT FDS Albert.app */,
				50FA14B525AB6FA300D29F93 /* PT FDS AlbertTests.xctest */,
				50FA14C025AB6FA300D29F93 /* PT FDS AlbertUITests.xctest */,
			);
			name = Products;
			sourceTree = "<group>";
		};
		50FA14A125AB6FA200D29F93 /* PT FDS Albert */ = {
			isa = PBXGroup;
			children = (
				50FA14A225AB6FA200D29F93 /* AppDelegate.swift */,
				50FA14A425AB6FA200D29F93 /* SceneDelegate.swift */,
				50FA14B025AB6FA200D29F93 /* Info.plist */,
				5092AE0125ABAF10003C9DDE /* Resources */,
				50FA14E625AB760900D29F93 /* Helpers */,
				50FA14EF25AB832900D29F93 /* Network */,
				50FA14F825AB838700D29F93 /* Model */,
				50FA14DB25AB726200D29F93 /* Controllers */,
				50FA14AD25AB6FA200D29F93 /* LaunchScreen.storyboard */,
			);
			path = "PT FDS Albert";
			sourceTree = "<group>";
		};
		50FA14B825AB6FA300D29F93 /* PT FDS AlbertTests */ = {
			isa = PBXGroup;
			children = (
				50FA14B925AB6FA300D29F93 /* PT_FDS_AlbertTests.swift */,
				50FA14BB25AB6FA300D29F93 /* Info.plist */,
			);
			path = "PT FDS AlbertTests";
			sourceTree = "<group>";
		};
		50FA14C325AB6FA300D29F93 /* PT FDS AlbertUITests */ = {
			isa = PBXGroup;
			children = (
				50FA14C425AB6FA300D29F93 /* PT_FDS_AlbertUITests.swift */,
				50FA14C625AB6FA300D29F93 /* Info.plist */,
			);
			path = "PT FDS AlbertUITests";
			sourceTree = "<group>";
		};
		50FA14DB25AB726200D29F93 /* Controllers */ = {
			isa = PBXGroup;
			children = (
				5092AE2625ABB715003C9DDE /* Cells */,
				5092ADFA25ABAE25003C9DDE /* SearchViewController.swift */,
				5092ADFB25ABAE25003C9DDE /* SearchViewController.xib */,
				5092AE4D25ABC785003C9DDE /* DetailViewController.swift */,
				5092AE4E25ABC785003C9DDE /* DetailViewController.xib */,
			);
			path = Controllers;
			sourceTree = "<group>";
		};
		50FA14E625AB760900D29F93 /* Helpers */ = {
			isa = PBXGroup;
			children = (
				50FA14E725AB761E00D29F93 /* Api.swift */,
				5092AE5E25ABD507003C9DDE /* Utils.swift */,
				5092AE1925ABAFFD003C9DDE /* Extensions.swift */,
				5092AE3125ABB8AE003C9DDE /* Aliases.swift */,
			);
			path = Helpers;
			sourceTree = "<group>";
		};
		50FA14EF25AB832900D29F93 /* Network */ = {
			isa = PBXGroup;
			children = (
				50FA14F025AB833900D29F93 /* NetworkManager.swift */,
			);
			path = Network;
			sourceTree = "<group>";
		};
		50FA14F825AB838700D29F93 /* Model */ = {
			isa = PBXGroup;
			children = (
				50FA14F925AB83B500D29F93 /* Player.swift */,
				50FA150125AB8A1E00D29F93 /* Team.swift */,
			);
			path = Model;
			sourceTree = "<group>";
		};
		C029D851BB139DBA1F21225E /* Frameworks */ = {
			isa = PBXGroup;
			children = (
				B086952DB1AD6B2F93E93B7A /* Pods_PT_FDS_Albert.framework */,
				7FB16699C67530079EF72EE7 /* Pods_PT_FDS_Albert_PT_FDS_AlbertUITests.framework */,
				9E3D82F461BC561FA3B55939 /* Pods_PT_FDS_AlbertTests.framework */,
			);
			name = Frameworks;
			sourceTree = "<group>";
		};
/* End PBXGroup section */

/* Begin PBXNativeTarget section */
		50FA149E25AB6FA200D29F93 /* PT FDS Albert */ = {
			isa = PBXNativeTarget;
			buildConfigurationList = 50FA14C925AB6FA300D29F93 /* Build configuration list for PBXNativeTarget "PT FDS Albert" */;
			buildPhases = (
				A690BAB4A926ECD8A0424204 /* [CP] Check Pods Manifest.lock */,
				50FA149B25AB6FA200D29F93 /* Sources */,
				50FA149C25AB6FA200D29F93 /* Frameworks */,
				50FA149D25AB6FA200D29F93 /* Resources */,
				E7979CB9C8773EF4C63BFC5B /* [CP] Embed Pods Frameworks */,
			);
			buildRules = (
			);
			dependencies = (
			);
			name = "PT FDS Albert";
			productName = "PT FDS Albert";
			productReference = 50FA149F25AB6FA200D29F93 /* PT FDS Albert.app */;
			productType = "com.apple.product-type.application";
		};
		50FA14B425AB6FA300D29F93 /* PT FDS AlbertTests */ = {
			isa = PBXNativeTarget;
			buildConfigurationList = 50FA14CC25AB6FA300D29F93 /* Build configuration list for PBXNativeTarget "PT FDS AlbertTests" */;
			buildPhases = (
				EA61F9182750FF5BDD9FE903 /* [CP] Check Pods Manifest.lock */,
				50FA14B125AB6FA300D29F93 /* Sources */,
				50FA14B225AB6FA300D29F93 /* Frameworks */,
				50FA14B325AB6FA300D29F93 /* Resources */,
			);
			buildRules = (
			);
			dependencies = (
				50FA14B725AB6FA300D29F93 /* PBXTargetDependency */,
			);
			name = "PT FDS AlbertTests";
			productName = "PT FDS AlbertTests";
			productReference = 50FA14B525AB6FA300D29F93 /* PT FDS AlbertTests.xctest */;
			productType = "com.apple.product-type.bundle.unit-test";
		};
		50FA14BF25AB6FA300D29F93 /* PT FDS AlbertUITests */ = {
			isa = PBXNativeTarget;
			buildConfigurationList = 50FA14CF25AB6FA300D29F93 /* Build configuration list for PBXNativeTarget "PT FDS AlbertUITests" */;
			buildPhases = (
				92F65C6A4FE8DB509EEB11E3 /* [CP] Check Pods Manifest.lock */,
				50FA14BC25AB6FA300D29F93 /* Sources */,
				50FA14BD25AB6FA300D29F93 /* Frameworks */,
				50FA14BE25AB6FA300D29F93 /* Resources */,
				BA103474A73A77058E92D72B /* [CP] Embed Pods Frameworks */,
			);
			buildRules = (
			);
			dependencies = (
				50FA14C225AB6FA300D29F93 /* PBXTargetDependency */,
			);
			name = "PT FDS AlbertUITests";
			productName = "PT FDS AlbertUITests";
			productReference = 50FA14C025AB6FA300D29F93 /* PT FDS AlbertUITests.xctest */;
			productType = "com.apple.product-type.bundle.ui-testing";
		};
/* End PBXNativeTarget section */

/* Begin PBXProject section */
		50FA149725AB6FA200D29F93 /* Project object */ = {
			isa = PBXProject;
			attributes = {
				LastSwiftUpdateCheck = 1230;
				LastUpgradeCheck = 1230;
				TargetAttributes = {
					50FA149E25AB6FA200D29F93 = {
						CreatedOnToolsVersion = 12.3;
					};
					50FA14B425AB6FA300D29F93 = {
						CreatedOnToolsVersion = 12.3;
						TestTargetID = 50FA149E25AB6FA200D29F93;
					};
					50FA14BF25AB6FA300D29F93 = {
						CreatedOnToolsVersion = 12.3;
						TestTargetID = 50FA149E25AB6FA200D29F93;
					};
				};
			};
			buildConfigurationList = 50FA149A25AB6FA200D29F93 /* Build configuration list for PBXProject "PT FDS Albert" */;
			compatibilityVersion = "Xcode 9.3";
			developmentRegion = en;
			hasScannedForEncodings = 0;
			knownRegions = (
				en,
				Base,
				es,
			);
			mainGroup = 50FA149625AB6FA200D29F93;
			productRefGroup = 50FA14A025AB6FA200D29F93 /* Products */;
			projectDirPath = "";
			projectRoot = "";
			targets = (
				50FA149E25AB6FA200D29F93 /* PT FDS Albert */,
				50FA14B425AB6FA300D29F93 /* PT FDS AlbertTests */,
				50FA14BF25AB6FA300D29F93 /* PT FDS AlbertUITests */,
			);
		};
/* End PBXProject section */

/* Begin PBXResourcesBuildPhase section */
		50FA149D25AB6FA200D29F93 /* Resources */ = {
			isa = PBXResourcesBuildPhase;
			buildActionMask = 2147483647;
			files = (
				50FA14AF25AB6FA200D29F93 /* LaunchScreen.storyboard in Resources */,
				5092AE0E25ABAF55003C9DDE /* Main.strings in Resources */,
				5092AE5025ABC785003C9DDE /* DetailViewController.xib in Resources */,
				50FA14AC25AB6FA200D29F93 /* Assets.xcassets in Resources */,
				5092AE3725ABBD56003C9DDE /* ballAnimation.json in Resources */,
				5092AE2A25ABB737003C9DDE /* PlayerCell.xib in Resources */,
				5092ADFD25ABAE25003C9DDE /* SearchViewController.xib in Resources */,
			);
			runOnlyForDeploymentPostprocessing = 0;
		};
		50FA14B325AB6FA300D29F93 /* Resources */ = {
			isa = PBXResourcesBuildPhase;
			buildActionMask = 2147483647;
			files = (
			);
			runOnlyForDeploymentPostprocessing = 0;
		};
		50FA14BE25AB6FA300D29F93 /* Resources */ = {
			isa = PBXResourcesBuildPhase;
			buildActionMask = 2147483647;
			files = (
			);
			runOnlyForDeploymentPostprocessing = 0;
		};
/* End PBXResourcesBuildPhase section */

/* Begin PBXShellScriptBuildPhase section */
		92F65C6A4FE8DB509EEB11E3 /* [CP] Check Pods Manifest.lock */ = {
			isa = PBXShellScriptBuildPhase;
			buildActionMask = 2147483647;
			files = (
			);
			inputFileListPaths = (
			);
			inputPaths = (
				"${PODS_PODFILE_DIR_PATH}/Podfile.lock",
				"${PODS_ROOT}/Manifest.lock",
			);
			name = "[CP] Check Pods Manifest.lock";
			outputFileListPaths = (
			);
			outputPaths = (
				"$(DERIVED_FILE_DIR)/Pods-PT FDS Albert-PT FDS AlbertUITests-checkManifestLockResult.txt",
			);
			runOnlyForDeploymentPostprocessing = 0;
			shellPath = /bin/sh;
			shellScript = "diff \"${PODS_PODFILE_DIR_PATH}/Podfile.lock\" \"${PODS_ROOT}/Manifest.lock\" > /dev/null\nif [ $? != 0 ] ; then\n    # print error to STDERR\n    echo \"error: The sandbox is not in sync with the Podfile.lock. Run 'pod install' or update your CocoaPods installation.\" >&2\n    exit 1\nfi\n# This output is used by Xcode 'outputs' to avoid re-running this script phase.\necho \"SUCCESS\" > \"${SCRIPT_OUTPUT_FILE_0}\"\n";
			showEnvVarsInLog = 0;
		};
		A690BAB4A926ECD8A0424204 /* [CP] Check Pods Manifest.lock */ = {
			isa = PBXShellScriptBuildPhase;
			buildActionMask = 2147483647;
			files = (
			);
			inputFileListPaths = (
			);
			inputPaths = (
				"${PODS_PODFILE_DIR_PATH}/Podfile.lock",
				"${PODS_ROOT}/Manifest.lock",
			);
			name = "[CP] Check Pods Manifest.lock";
			outputFileListPaths = (
			);
			outputPaths = (
				"$(DERIVED_FILE_DIR)/Pods-PT FDS Albert-checkManifestLockResult.txt",
			);
			runOnlyForDeploymentPostprocessing = 0;
			shellPath = /bin/sh;
			shellScript = "diff \"${PODS_PODFILE_DIR_PATH}/Podfile.lock\" \"${PODS_ROOT}/Manifest.lock\" > /dev/null\nif [ $? != 0 ] ; then\n    # print error to STDERR\n    echo \"error: The sandbox is not in sync with the Podfile.lock. Run 'pod install' or update your CocoaPods installation.\" >&2\n    exit 1\nfi\n# This output is used by Xcode 'outputs' to avoid re-running this script phase.\necho \"SUCCESS\" > \"${SCRIPT_OUTPUT_FILE_0}\"\n";
			showEnvVarsInLog = 0;
		};
		BA103474A73A77058E92D72B /* [CP] Embed Pods Frameworks */ = {
			isa = PBXShellScriptBuildPhase;
			buildActionMask = 2147483647;
			files = (
			);
			inputFileListPaths = (
				"${PODS_ROOT}/Target Support Files/Pods-PT FDS Albert-PT FDS AlbertUITests/Pods-PT FDS Albert-PT FDS AlbertUITests-frameworks-${CONFIGURATION}-input-files.xcfilelist",
			);
			name = "[CP] Embed Pods Frameworks";
			outputFileListPaths = (
				"${PODS_ROOT}/Target Support Files/Pods-PT FDS Albert-PT FDS AlbertUITests/Pods-PT FDS Albert-PT FDS AlbertUITests-frameworks-${CONFIGURATION}-output-files.xcfilelist",
			);
			runOnlyForDeploymentPostprocessing = 0;
			shellPath = /bin/sh;
			shellScript = "\"${PODS_ROOT}/Target Support Files/Pods-PT FDS Albert-PT FDS AlbertUITests/Pods-PT FDS Albert-PT FDS AlbertUITests-frameworks.sh\"\n";
			showEnvVarsInLog = 0;
		};
		E7979CB9C8773EF4C63BFC5B /* [CP] Embed Pods Frameworks */ = {
			isa = PBXShellScriptBuildPhase;
			buildActionMask = 2147483647;
			files = (
			);
			inputFileListPaths = (
				"${PODS_ROOT}/Target Support Files/Pods-PT FDS Albert/Pods-PT FDS Albert-frameworks-${CONFIGURATION}-input-files.xcfilelist",
			);
			name = "[CP] Embed Pods Frameworks";
			outputFileListPaths = (
				"${PODS_ROOT}/Target Support Files/Pods-PT FDS Albert/Pods-PT FDS Albert-frameworks-${CONFIGURATION}-output-files.xcfilelist",
			);
			runOnlyForDeploymentPostprocessing = 0;
			shellPath = /bin/sh;
			shellScript = "\"${PODS_ROOT}/Target Support Files/Pods-PT FDS Albert/Pods-PT FDS Albert-frameworks.sh\"\n";
			showEnvVarsInLog = 0;
		};
		EA61F9182750FF5BDD9FE903 /* [CP] Check Pods Manifest.lock */ = {
			isa = PBXShellScriptBuildPhase;
			buildActionMask = 2147483647;
			files = (
			);
			inputFileListPaths = (
			);
			inputPaths = (
				"${PODS_PODFILE_DIR_PATH}/Podfile.lock",
				"${PODS_ROOT}/Manifest.lock",
			);
			name = "[CP] Check Pods Manifest.lock";
			outputFileListPaths = (
			);
			outputPaths = (
				"$(DERIVED_FILE_DIR)/Pods-PT FDS AlbertTests-checkManifestLockResult.txt",
			);
			runOnlyForDeploymentPostprocessing = 0;
			shellPath = /bin/sh;
			shellScript = "diff \"${PODS_PODFILE_DIR_PATH}/Podfile.lock\" \"${PODS_ROOT}/Manifest.lock\" > /dev/null\nif [ $? != 0 ] ; then\n    # print error to STDERR\n    echo \"error: The sandbox is not in sync with the Podfile.lock. Run 'pod install' or update your CocoaPods installation.\" >&2\n    exit 1\nfi\n# This output is used by Xcode 'outputs' to avoid re-running this script phase.\necho \"SUCCESS\" > \"${SCRIPT_OUTPUT_FILE_0}\"\n";
			showEnvVarsInLog = 0;
		};
/* End PBXShellScriptBuildPhase section */

/* Begin PBXSourcesBuildPhase section */
		50FA149B25AB6FA200D29F93 /* Sources */ = {
			isa = PBXSourcesBuildPhase;
			buildActionMask = 2147483647;
			files = (
				5092AE4F25ABC785003C9DDE /* DetailViewController.swift in Sources */,
				5092AE3225ABB8AE003C9DDE /* Aliases.swift in Sources */,
				50FA14A325AB6FA200D29F93 /* AppDelegate.swift in Sources */,
				5092ADFC25ABAE25003C9DDE /* SearchViewController.swift in Sources */,
				50FA150225AB8A1E00D29F93 /* Team.swift in Sources */,
				5092AE2925ABB737003C9DDE /* PlayerCell.swift in Sources */,
				5092AE1A25ABAFFD003C9DDE /* Extensions.swift in Sources */,
				50FA14F125AB833900D29F93 /* NetworkManager.swift in Sources */,
				50FA14E825AB761E00D29F93 /* Api.swift in Sources */,
				50FA14FA25AB83B500D29F93 /* Player.swift in Sources */,
				50FA14A525AB6FA200D29F93 /* SceneDelegate.swift in Sources */,
				5092AE5F25ABD507003C9DDE /* Utils.swift in Sources */,
			);
			runOnlyForDeploymentPostprocessing = 0;
		};
		50FA14B125AB6FA300D29F93 /* Sources */ = {
			isa = PBXSourcesBuildPhase;
			buildActionMask = 2147483647;
			files = (
				50FA14BA25AB6FA300D29F93 /* PT_FDS_AlbertTests.swift in Sources */,
			);
			runOnlyForDeploymentPostprocessing = 0;
		};
		50FA14BC25AB6FA300D29F93 /* Sources */ = {
			isa = PBXSourcesBuildPhase;
			buildActionMask = 2147483647;
			files = (
				50FA14C525AB6FA300D29F93 /* PT_FDS_AlbertUITests.swift in Sources */,
			);
			runOnlyForDeploymentPostprocessing = 0;
		};
/* End PBXSourcesBuildPhase section */

/* Begin PBXTargetDependency section */
		50FA14B725AB6FA300D29F93 /* PBXTargetDependency */ = {
			isa = PBXTargetDependency;
			target = 50FA149E25AB6FA200D29F93 /* PT FDS Albert */;
			targetProxy = 50FA14B625AB6FA300D29F93 /* PBXContainerItemProxy */;
		};
		50FA14C225AB6FA300D29F93 /* PBXTargetDependency */ = {
			isa = PBXTargetDependency;
			target = 50FA149E25AB6FA200D29F93 /* PT FDS Albert */;
			targetProxy = 50FA14C125AB6FA300D29F93 /* PBXContainerItemProxy */;
		};
/* End PBXTargetDependency section */

/* Begin PBXVariantGroup section */
		5092AE1025ABAF55003C9DDE /* Main.strings */ = {
			isa = PBXVariantGroup;
			children = (
				5092AE0F25ABAF55003C9DDE /* en */,
				5092AE1525ABAF79003C9DDE /* es */,
			);
			name = Main.strings;
			sourceTree = "<group>";
		};
		50FA14AD25AB6FA200D29F93 /* LaunchScreen.storyboard */ = {
			isa = PBXVariantGroup;
			children = (
				50FA14AE25AB6FA200D29F93 /* Base */,
				5092AE1425ABAF79003C9DDE /* es */,
			);
			name = LaunchScreen.storyboard;
			sourceTree = "<group>";
		};
/* End PBXVariantGroup section */

/* Begin XCBuildConfiguration section */
		50FA14C725AB6FA300D29F93 /* Debug */ = {
			isa = XCBuildConfiguration;
			buildSettings = {
				ALWAYS_SEARCH_USER_PATHS = NO;
				CLANG_ANALYZER_LOCALIZABILITY_NONLOCALIZED = YES;
				CLANG_ANALYZER_NONNULL = YES;
				CLANG_ANALYZER_NUMBER_OBJECT_CONVERSION = YES_AGGRESSIVE;
				CLANG_CXX_LANGUAGE_STANDARD = "gnu++14";
				CLANG_CXX_LIBRARY = "libc++";
				CLANG_ENABLE_MODULES = YES;
				CLANG_ENABLE_OBJC_ARC = YES;
				CLANG_ENABLE_OBJC_WEAK = YES;
				CLANG_WARN_BLOCK_CAPTURE_AUTORELEASING = YES;
				CLANG_WARN_BOOL_CONVERSION = YES;
				CLANG_WARN_COMMA = YES;
				CLANG_WARN_CONSTANT_CONVERSION = YES;
				CLANG_WARN_DEPRECATED_OBJC_IMPLEMENTATIONS = YES;
				CLANG_WARN_DIRECT_OBJC_ISA_USAGE = YES_ERROR;
				CLANG_WARN_DOCUMENTATION_COMMENTS = YES;
				CLANG_WARN_EMPTY_BODY = YES;
				CLANG_WARN_ENUM_CONVERSION = YES;
				CLANG_WARN_INFINITE_RECURSION = YES;
				CLANG_WARN_INT_CONVERSION = YES;
				CLANG_WARN_NON_LITERAL_NULL_CONVERSION = YES;
				CLANG_WARN_OBJC_IMPLICIT_RETAIN_SELF = YES;
				CLANG_WARN_OBJC_LITERAL_CONVERSION = YES;
				CLANG_WARN_OBJC_ROOT_CLASS = YES_ERROR;
				CLANG_WARN_QUOTED_INCLUDE_IN_FRAMEWORK_HEADER = YES;
				CLANG_WARN_RANGE_LOOP_ANALYSIS = YES;
				CLANG_WARN_STRICT_PROTOTYPES = YES;
				CLANG_WARN_SUSPICIOUS_MOVE = YES;
				CLANG_WARN_UNGUARDED_AVAILABILITY = YES_AGGRESSIVE;
				CLANG_WARN_UNREACHABLE_CODE = YES;
				CLANG_WARN__DUPLICATE_METHOD_MATCH = YES;
				COPY_PHASE_STRIP = NO;
				DEBUG_INFORMATION_FORMAT = dwarf;
				ENABLE_STRICT_OBJC_MSGSEND = YES;
				ENABLE_TESTABILITY = YES;
				GCC_C_LANGUAGE_STANDARD = gnu11;
				GCC_DYNAMIC_NO_PIC = NO;
				GCC_NO_COMMON_BLOCKS = YES;
				GCC_OPTIMIZATION_LEVEL = 0;
				GCC_PREPROCESSOR_DEFINITIONS = (
					"DEBUG=1",
					"$(inherited)",
				);
				GCC_WARN_64_TO_32_BIT_CONVERSION = YES;
				GCC_WARN_ABOUT_RETURN_TYPE = YES_ERROR;
				GCC_WARN_UNDECLARED_SELECTOR = YES;
				GCC_WARN_UNINITIALIZED_AUTOS = YES_AGGRESSIVE;
				GCC_WARN_UNUSED_FUNCTION = YES;
				GCC_WARN_UNUSED_VARIABLE = YES;
				IPHONEOS_DEPLOYMENT_TARGET = 14.3;
				MTL_ENABLE_DEBUG_INFO = INCLUDE_SOURCE;
				MTL_FAST_MATH = YES;
				ONLY_ACTIVE_ARCH = YES;
				SDKROOT = iphoneos;
				SWIFT_ACTIVE_COMPILATION_CONDITIONS = DEBUG;
				SWIFT_OPTIMIZATION_LEVEL = "-Onone";
			};
			name = Debug;
		};
		50FA14C825AB6FA300D29F93 /* Release */ = {
			isa = XCBuildConfiguration;
			buildSettings = {
				ALWAYS_SEARCH_USER_PATHS = NO;
				CLANG_ANALYZER_LOCALIZABILITY_NONLOCALIZED = YES;
				CLANG_ANALYZER_NONNULL = YES;
				CLANG_ANALYZER_NUMBER_OBJECT_CONVERSION = YES_AGGRESSIVE;
				CLANG_CXX_LANGUAGE_STANDARD = "gnu++14";
				CLANG_CXX_LIBRARY = "libc++";
				CLANG_ENABLE_MODULES = YES;
				CLANG_ENABLE_OBJC_ARC = YES;
				CLANG_ENABLE_OBJC_WEAK = YES;
				CLANG_WARN_BLOCK_CAPTURE_AUTORELEASING = YES;
				CLANG_WARN_BOOL_CONVERSION = YES;
				CLANG_WARN_COMMA = YES;
				CLANG_WARN_CONSTANT_CONVERSION = YES;
				CLANG_WARN_DEPRECATED_OBJC_IMPLEMENTATIONS = YES;
				CLANG_WARN_DIRECT_OBJC_ISA_USAGE = YES_ERROR;
				CLANG_WARN_DOCUMENTATION_COMMENTS = YES;
				CLANG_WARN_EMPTY_BODY = YES;
				CLANG_WARN_ENUM_CONVERSION = YES;
				CLANG_WARN_INFINITE_RECURSION = YES;
				CLANG_WARN_INT_CONVERSION = YES;
				CLANG_WARN_NON_LITERAL_NULL_CONVERSION = YES;
				CLANG_WARN_OBJC_IMPLICIT_RETAIN_SELF = YES;
				CLANG_WARN_OBJC_LITERAL_CONVERSION = YES;
				CLANG_WARN_OBJC_ROOT_CLASS = YES_ERROR;
				CLANG_WARN_QUOTED_INCLUDE_IN_FRAMEWORK_HEADER = YES;
				CLANG_WARN_RANGE_LOOP_ANALYSIS = YES;
				CLANG_WARN_STRICT_PROTOTYPES = YES;
				CLANG_WARN_SUSPICIOUS_MOVE = YES;
				CLANG_WARN_UNGUARDED_AVAILABILITY = YES_AGGRESSIVE;
				CLANG_WARN_UNREACHABLE_CODE = YES;
				CLANG_WARN__DUPLICATE_METHOD_MATCH = YES;
				COPY_PHASE_STRIP = NO;
				DEBUG_INFORMATION_FORMAT = "dwarf-with-dsym";
				ENABLE_NS_ASSERTIONS = NO;
				ENABLE_STRICT_OBJC_MSGSEND = YES;
				GCC_C_LANGUAGE_STANDARD = gnu11;
				GCC_NO_COMMON_BLOCKS = YES;
				GCC_WARN_64_TO_32_BIT_CONVERSION = YES;
				GCC_WARN_ABOUT_RETURN_TYPE = YES_ERROR;
				GCC_WARN_UNDECLARED_SELECTOR = YES;
				GCC_WARN_UNINITIALIZED_AUTOS = YES_AGGRESSIVE;
				GCC_WARN_UNUSED_FUNCTION = YES;
				GCC_WARN_UNUSED_VARIABLE = YES;
				IPHONEOS_DEPLOYMENT_TARGET = 14.3;
				MTL_ENABLE_DEBUG_INFO = NO;
				MTL_FAST_MATH = YES;
				SDKROOT = iphoneos;
				SWIFT_COMPILATION_MODE = wholemodule;
				SWIFT_OPTIMIZATION_LEVEL = "-O";
				VALIDATE_PRODUCT = YES;
			};
			name = Release;
		};
		50FA14CA25AB6FA300D29F93 /* Debug */ = {
			isa = XCBuildConfiguration;
			baseConfigurationReference = F32FFBF9E858A22545938F50 /* Pods-PT FDS Albert.debug.xcconfig */;
			buildSettings = {
				ASSETCATALOG_COMPILER_APPICON_NAME = AppIcon;
				ASSETCATALOG_COMPILER_GLOBAL_ACCENT_COLOR_NAME = AccentColor;
				CODE_SIGN_STYLE = Automatic;
				INFOPLIST_FILE = "PT FDS Albert/Info.plist";
				LD_RUNPATH_SEARCH_PATHS = (
					"$(inherited)",
					"@executable_path/Frameworks",
				);
				PRODUCT_BUNDLE_IDENTIFIER = "com.albert.fds.PT-FDS-Albert";
				PRODUCT_NAME = "$(TARGET_NAME)";
				SWIFT_VERSION = 5.0;
				TARGETED_DEVICE_FAMILY = 1;
			};
			name = Debug;
		};
		50FA14CB25AB6FA300D29F93 /* Release */ = {
			isa = XCBuildConfiguration;
			baseConfigurationReference = 43D331362DDB219E7EFC80EE /* Pods-PT FDS Albert.release.xcconfig */;
			buildSettings = {
				ASSETCATALOG_COMPILER_APPICON_NAME = AppIcon;
				ASSETCATALOG_COMPILER_GLOBAL_ACCENT_COLOR_NAME = AccentColor;
				CODE_SIGN_STYLE = Automatic;
				INFOPLIST_FILE = "PT FDS Albert/Info.plist";
				LD_RUNPATH_SEARCH_PATHS = (
					"$(inherited)",
					"@executable_path/Frameworks",
				);
				PRODUCT_BUNDLE_IDENTIFIER = "com.albert.fds.PT-FDS-Albert";
				PRODUCT_NAME = "$(TARGET_NAME)";
				SWIFT_VERSION = 5.0;
				TARGETED_DEVICE_FAMILY = 1;
			};
			name = Release;
		};
		50FA14CD25AB6FA300D29F93 /* Debug */ = {
			isa = XCBuildConfiguration;
			baseConfigurationReference = 6F489C7D98C71F735C5867DA /* Pods-PT FDS AlbertTests.debug.xcconfig */;
			buildSettings = {
				ALWAYS_EMBED_SWIFT_STANDARD_LIBRARIES = YES;
				BUNDLE_LOADER = "$(TEST_HOST)";
				CODE_SIGN_STYLE = Automatic;
				INFOPLIST_FILE = "PT FDS AlbertTests/Info.plist";
				IPHONEOS_DEPLOYMENT_TARGET = 14.3;
				LD_RUNPATH_SEARCH_PATHS = (
					"$(inherited)",
					"@executable_path/Frameworks",
					"@loader_path/Frameworks",
				);
				PRODUCT_BUNDLE_IDENTIFIER = "com.albert.fds.PT-FDS-AlbertTests";
				PRODUCT_NAME = "$(TARGET_NAME)";
				SWIFT_VERSION = 5.0;
				TARGETED_DEVICE_FAMILY = "1,2";
				TEST_HOST = "$(BUILT_PRODUCTS_DIR)/PT FDS Albert.app/PT FDS Albert";
			};
			name = Debug;
		};
		50FA14CE25AB6FA300D29F93 /* Release */ = {
			isa = XCBuildConfiguration;
			baseConfigurationReference = 8E5932FD1AC2C1636E92EC83 /* Pods-PT FDS AlbertTests.release.xcconfig */;
			buildSettings = {
				ALWAYS_EMBED_SWIFT_STANDARD_LIBRARIES = YES;
				BUNDLE_LOADER = "$(TEST_HOST)";
				CODE_SIGN_STYLE = Automatic;
				INFOPLIST_FILE = "PT FDS AlbertTests/Info.plist";
				IPHONEOS_DEPLOYMENT_TARGET = 14.3;
				LD_RUNPATH_SEARCH_PATHS = (
					"$(inherited)",
					"@executable_path/Frameworks",
					"@loader_path/Frameworks",
				);
				PRODUCT_BUNDLE_IDENTIFIER = "com.albert.fds.PT-FDS-AlbertTests";
				PRODUCT_NAME = "$(TARGET_NAME)";
				SWIFT_VERSION = 5.0;
				TARGETED_DEVICE_FAMILY = "1,2";
				TEST_HOST = "$(BUILT_PRODUCTS_DIR)/PT FDS Albert.app/PT FDS Albert";
			};
			name = Release;
		};
		50FA14D025AB6FA300D29F93 /* Debug */ = {
			isa = XCBuildConfiguration;
			baseConfigurationReference = AA982FABD70CDC0AFFFAB1A5 /* Pods-PT FDS Albert-PT FDS AlbertUITests.debug.xcconfig */;
			buildSettings = {
				ALWAYS_EMBED_SWIFT_STANDARD_LIBRARIES = YES;
				CODE_SIGN_STYLE = Automatic;
				INFOPLIST_FILE = "PT FDS AlbertUITests/Info.plist";
				LD_RUNPATH_SEARCH_PATHS = (
					"$(inherited)",
					"@executable_path/Frameworks",
					"@loader_path/Frameworks",
				);
				PRODUCT_BUNDLE_IDENTIFIER = "com.albert.fds.PT-FDS-AlbertUITests";
				PRODUCT_NAME = "$(TARGET_NAME)";
				SWIFT_VERSION = 5.0;
				TARGETED_DEVICE_FAMILY = "1,2";
				TEST_TARGET_NAME = "PT FDS Albert";
			};
			name = Debug;
		};
		50FA14D125AB6FA300D29F93 /* Release */ = {
			isa = XCBuildConfiguration;
			baseConfigurationReference = 6BA306F5FD83E75F686A2BFD /* Pods-PT FDS Albert-PT FDS AlbertUITests.release.xcconfig */;
			buildSettings = {
				ALWAYS_EMBED_SWIFT_STANDARD_LIBRARIES = YES;
				CODE_SIGN_STYLE = Automatic;
				INFOPLIST_FILE = "PT FDS AlbertUITests/Info.plist";
				LD_RUNPATH_SEARCH_PATHS = (
					"$(inherited)",
					"@executable_path/Frameworks",
					"@loader_path/Frameworks",
				);
				PRODUCT_BUNDLE_IDENTIFIER = "com.albert.fds.PT-FDS-AlbertUITests";
				PRODUCT_NAME = "$(TARGET_NAME)";
				SWIFT_VERSION = 5.0;
				TARGETED_DEVICE_FAMILY = "1,2";
				TEST_TARGET_NAME = "PT FDS Albert";
			};
			name = Release;
		};
/* End XCBuildConfiguration section */

/* Begin XCConfigurationList section */
		50FA149A25AB6FA200D29F93 /* Build configuration list for PBXProject "PT FDS Albert" */ = {
			isa = XCConfigurationList;
			buildConfigurations = (
				50FA14C725AB6FA300D29F93 /* Debug */,
				50FA14C825AB6FA300D29F93 /* Release */,
			);
			defaultConfigurationIsVisible = 0;
			defaultConfigurationName = Release;
		};
		50FA14C925AB6FA300D29F93 /* Build configuration list for PBXNativeTarget "PT FDS Albert" */ = {
			isa = XCConfigurationList;
			buildConfigurations = (
				50FA14CA25AB6FA300D29F93 /* Debug */,
				50FA14CB25AB6FA300D29F93 /* Release */,
			);
			defaultConfigurationIsVisible = 0;
			defaultConfigurationName = Release;
		};
		50FA14CC25AB6FA300D29F93 /* Build configuration list for PBXNativeTarget "PT FDS AlbertTests" */ = {
			isa = XCConfigurationList;
			buildConfigurations = (
				50FA14CD25AB6FA300D29F93 /* Debug */,
				50FA14CE25AB6FA300D29F93 /* Release */,
			);
			defaultConfigurationIsVisible = 0;
			defaultConfigurationName = Release;
		};
		50FA14CF25AB6FA300D29F93 /* Build configuration list for PBXNativeTarget "PT FDS AlbertUITests" */ = {
			isa = XCConfigurationList;
			buildConfigurations = (
				50FA14D025AB6FA300D29F93 /* Debug */,
				50FA14D125AB6FA300D29F93 /* Release */,
			);
			defaultConfigurationIsVisible = 0;
			defaultConfigurationName = Release;
		};
/* End XCConfigurationList section */
	};
	rootObject = 50FA149725AB6FA200D29F93 /* Project object */;
}
