// !$*UTF8*$!
{
	archiveVersion = 1;
	classes = {
	};
	objectVersion = 50;
	objects = {

/* Begin PBXBuildFile section */
		50FA14A325AB6FA200D29F93 /* AppDelegate.swift in Sources */ = {isa = PBXBuildFile; fileRef = 50FA14A225AB6FA200D29F93 /* AppDelegate.swift */; };
		50FA14A525AB6FA200D29F93 /* SceneDelegate.swift in Sources */ = {isa = PBXBuildFile; fileRef = 50FA14A425AB6FA200D29F93 /* SceneDelegate.swift */; };
		50FA14A725AB6FA200D29F93 /* ViewController.swift in Sources */ = {isa = PBXBuildFile; fileRef = 50FA14A625AB6FA200D29F93 /* ViewController.swift */; };
		50FA14AA25AB6FA200D29F93 /* Main.storyboard in Resources */ = {isa = PBXBuildFile; fileRef = 50FA14A825AB6FA200D29F93 /* Main.storyboard */; };
		50FA14AC25AB6FA200D29F93 /* Assets.xcassets in Resources */ = {isa = PBXBuildFile; fileRef = 50FA14AB25AB6FA200D29F93 /* Assets.xcassets */; };
		50FA14AF25AB6FA200D29F93 /* LaunchScreen.storyboard in Resources */ = {isa = PBXBuildFile; fileRef = 50FA14AD25AB6FA200D29F93 /* LaunchScreen.storyboard */; };
		50FA14BA25AB6FA300D29F93 /* PT_FDS_AlbertTests.swift in Sources */ = {isa = PBXBuildFile; fileRef = 50FA14B925AB6FA300D29F93 /* PT_FDS_AlbertTests.swift */; };
		50FA14C525AB6FA300D29F93 /* PT_FDS_AlbertUITests.swift in Sources */ = {isa = PBXBuildFile; fileRef = 50FA14C425AB6FA300D29F93 /* PT_FDS_AlbertUITests.swift */; };
/* End PBXBuildFile section */

/* Begin PBXContainerItemProxy section */
		50FA14B625AB6FA300D29F93 /* PBXContainerItemProxy */ = {
			isa = PBXContainerItemProxy;
			containerPortal = 50FA149725AB6FA200D29F93 /* Project object */;
			proxyType = 1;
			remoteGlobalIDString = 50FA149E25AB6FA200D29F93;
			remoteInfo = "PT FDS Albert";
		};
		50FA14C125AB6FA300D29F93 /* PBXContainerItemProxy */ = {
			isa = PBXContainerItemProxy;
			containerPortal = 50FA149725AB6FA200D29F93 /* Project object */;
			proxyType = 1;
			remoteGlobalIDString = 50FA149E25AB6FA200D29F93;
			remoteInfo = "PT FDS Albert";
		};
/* End PBXContainerItemProxy section */

/* Begin PBXFileReference section */
		50FA149F25AB6FA200D29F93 /* PT FDS Albert.app */ = {isa = PBXFileReference; explicitFileType = wrapper.application; includeInIndex = 0; path = "PT FDS Albert.app"; sourceTree = BUILT_PRODUCTS_DIR; };
		50FA14A225AB6FA200D29F93 /* AppDelegate.swift */ = {isa = PBXFileReference; lastKnownFileType = sourcecode.swift; path = AppDelegate.swift; sourceTree = "<group>"; };
		50FA14A425AB6FA200D29F93 /* SceneDelegate.swift */ = {isa = PBXFileReference; lastKnownFileType = sourcecode.swift; path = SceneDelegate.swift; sourceTree = "<group>"; };
		50FA14A625AB6FA200D29F93 /* ViewController.swift */ = {isa = PBXFileReference; lastKnownFileType = sourcecode.swift; path = ViewController.swift; sourceTree = "<group>"; };
		50FA14A925AB6FA200D29F93 /* Base */ = {isa = PBXFileReference; lastKnownFileType = file.storyboard; name = Base; path = Base.lproj/Main.storyboard; sourceTree = "<group>"; };
		50FA14AB25AB6FA200D29F93 /* Assets.xcassets */ = {isa = PBXFileReference; lastKnownFileType = folder.assetcatalog; path = Assets.xcassets; sourceTree = "<group>"; };
		50FA14AE25AB6FA200D29F93 /* Base */ = {isa = PBXFileReference; lastKnownFileType = file.storyboard; name = Base; path = Base.lproj/LaunchScreen.storyboard; sourceTree = "<group>"; };
		50FA14B025AB6FA200D29F93 /* Info.plist */ = {isa = PBXFileReference; lastKnownFileType = text.plist.xml; path = Info.plist; sourceTree = "<group>"; };
		50FA14B525AB6FA300D29F93 /* PT FDS AlbertTests.xctest */ = {isa = PBXFileReference; explicitFileType = wrapper.cfbundle; includeInIndex = 0; path = "PT FDS AlbertTests.xctest"; sourceTree = BUILT_PRODUCTS_DIR; };
		50FA14B925AB6FA300D29F93 /* PT_FDS_AlbertTests.swift */ = {isa = PBXFileReference; lastKnownFileType = sourcecode.swift; path = PT_FDS_AlbertTests.swift; sourceTree = "<group>"; };
		50FA14BB25AB6FA300D29F93 /* Info.plist */ = {isa = PBXFileReference; lastKnownFileType = text.plist.xml; path = Info.plist; sourceTree = "<group>"; };
		50FA14C025AB6FA300D29F93 /* PT FDS AlbertUITests.xctest */ = {isa = PBXFileReference; explicitFileType = wrapper.cfbundle; includeInIndex = 0; path = "PT FDS AlbertUITests.xctest"; sourceTree = BUILT_PRODUCTS_DIR; };
		50FA14C425AB6FA300D29F93 /* PT_FDS_AlbertUITests.swift */ = {isa = PBXFileReference; lastKnownFileType = sourcecode.swift; path = PT_FDS_AlbertUITests.swift; sourceTree = "<group>"; };
		50FA14C625AB6FA300D29F93 /* Info.plist */ = {isa = PBXFileReference; lastKnownFileType = text.plist.xml; path = Info.plist; sourceTree = "<group>"; };
/* End PBXFileReference section */

/* Begin PBXFrameworksBuildPhase section */
		50FA149C25AB6FA200D29F93 /* Frameworks */ = {
			isa = PBXFrameworksBuildPhase;
			buildActionMask = 2147483647;
			files = (
			);
			runOnlyForDeploymentPostprocessing = 0;
		};
		50FA14B225AB6FA300D29F93 /* Frameworks */ = {
			isa = PBXFrameworksBuildPhase;
			buildActionMask = 2147483647;
			files = (
			);
			runOnlyForDeploymentPostprocessing = 0;
		};
		50FA14BD25AB6FA300D29F93 /* Frameworks */ = {
			isa = PBXFrameworksBuildPhase;
			buildActionMask = 2147483647;
			files = (
			);
			runOnlyForDeploymentPostprocessing = 0;
		};
/* End PBXFrameworksBuildPhase section */

/* Begin PBXGroup section */
		50FA149625AB6FA200D29F93 = {
			isa = PBXGroup;
			children = (
				50FA14A125AB6FA200D29F93 /* PT FDS Albert */,
				50FA14B825AB6FA300D29F93 /* PT FDS AlbertTests */,
				50FA14C325AB6FA300D29F93 /* PT FDS AlbertUITests */,
				50FA14A025AB6FA200D29F93 /* Products */,
			);
			sourceTree = "<group>";
		};
		50FA14A025AB6FA200D29F93 /* Products */ = {
			isa = PBXGroup;
			children = (
				50FA149F25AB6FA200D29F93 /* PT FDS Albert.app */,
				50FA14B525AB6FA300D29F93 /* PT FDS AlbertTests.xctest */,
				50FA14C025AB6FA300D29F93 /* PT FDS AlbertUITests.xctest */,
			);
			name = Products;
			sourceTree = "<group>";
		};
		50FA14A125AB6FA200D29F93 /* PT FDS Albert */ = {
			isa = PBXGroup;
			children = (
				50FA14A225AB6FA200D29F93 /* AppDelegate.swift */,
				50FA14A425AB6FA200D29F93 /* SceneDelegate.swift */,
				50FA14A625AB6FA200D29F93 /* ViewController.swift */,
				50FA14A825AB6FA200D29F93 /* Main.storyboard */,
				50FA14AB25AB6FA200D29F93 /* Assets.xcassets */,
				50FA14AD25AB6FA200D29F93 /* LaunchScreen.storyboard */,
				50FA14B025AB6FA200D29F93 /* Info.plist */,
			);
			path = "PT FDS Albert";
			sourceTree = "<group>";
		};
		50FA14B825AB6FA300D29F93 /* PT FDS AlbertTests */ = {
			isa = PBXGroup;
			children = (
				50FA14B925AB6FA300D29F93 /* PT_FDS_AlbertTests.swift */,
				50FA14BB25AB6FA300D29F93 /* Info.plist */,
			);
			path = "PT FDS AlbertTests";
			sourceTree = "<group>";
		};
		50FA14C325AB6FA300D29F93 /* PT FDS AlbertUITests */ = {
			isa = PBXGroup;
			children = (
				50FA14C425AB6FA300D29F93 /* PT_FDS_AlbertUITests.swift */,
				50FA14C625AB6FA300D29F93 /* Info.plist */,
			);
			path = "PT FDS AlbertUITests";
			sourceTree = "<group>";
		};
/* End PBXGroup section */

/* Begin PBXNativeTarget section */
		50FA149E25AB6FA200D29F93 /* PT FDS Albert */ = {
			isa = PBXNativeTarget;
			buildConfigurationList = 50FA14C925AB6FA300D29F93 /* Build configuration list for PBXNativeTarget "PT FDS Albert" */;
			buildPhases = (
				50FA149B25AB6FA200D29F93 /* Sources */,
				50FA149C25AB6FA200D29F93 /* Frameworks */,
				50FA149D25AB6FA200D29F93 /* Resources */,
			);
			buildRules = (
			);
			dependencies = (
			);
			name = "PT FDS Albert";
			productName = "PT FDS Albert";
			productReference = 50FA149F25AB6FA200D29F93 /* PT FDS Albert.app */;
			productType = "com.apple.product-type.application";
		};
		50FA14B425AB6FA300D29F93 /* PT FDS AlbertTests */ = {
			isa = PBXNativeTarget;
			buildConfigurationList = 50FA14CC25AB6FA300D29F93 /* Build configuration list for PBXNativeTarget "PT FDS AlbertTests" */;
			buildPhases = (
				50FA14B125AB6FA300D29F93 /* Sources */,
				50FA14B225AB6FA300D29F93 /* Frameworks */,
				50FA14B325AB6FA300D29F93 /* Resources */,
			);
			buildRules = (
			);
			dependencies = (
				50FA14B725AB6FA300D29F93 /* PBXTargetDependency */,
			);
			name = "PT FDS AlbertTests";
			productName = "PT FDS AlbertTests";
			productReference = 50FA14B525AB6FA300D29F93 /* PT FDS AlbertTests.xctest */;
			productType = "com.apple.product-type.bundle.unit-test";
		};
		50FA14BF25AB6FA300D29F93 /* PT FDS AlbertUITests */ = {
			isa = PBXNativeTarget;
			buildConfigurationList = 50FA14CF25AB6FA300D29F93 /* Build configuration list for PBXNativeTarget "PT FDS AlbertUITests" */;
			buildPhases = (
				50FA14BC25AB6FA300D29F93 /* Sources */,
				50FA14BD25AB6FA300D29F93 /* Frameworks */,
				50FA14BE25AB6FA300D29F93 /* Resources */,
			);
			buildRules = (
			);
			dependencies = (
				50FA14C225AB6FA300D29F93 /* PBXTargetDependency */,
			);
			name = "PT FDS AlbertUITests";
			productName = "PT FDS AlbertUITests";
			productReference = 50FA14C025AB6FA300D29F93 /* PT FDS AlbertUITests.xctest */;
			productType = "com.apple.product-type.bundle.ui-testing";
		};
/* End PBXNativeTarget section */

/* Begin PBXProject section */
		50FA149725AB6FA200D29F93 /* Project object */ = {
			isa = PBXProject;
			attributes = {
				LastSwiftUpdateCheck = 1230;
				LastUpgradeCheck = 1230;
				TargetAttributes = {
					50FA149E25AB6FA200D29F93 = {
						CreatedOnToolsVersion = 12.3;
					};
					50FA14B425AB6FA300D29F93 = {
						CreatedOnToolsVersion = 12.3;
						TestTargetID = 50FA149E25AB6FA200D29F93;
					};
					50FA14BF25AB6FA300D29F93 = {
						CreatedOnToolsVersion = 12.3;
						TestTargetID = 50FA149E25AB6FA200D29F93;
					};
				};
			};
			buildConfigurationList = 50FA149A25AB6FA200D29F93 /* Build configuration list for PBXProject "PT FDS Albert" */;
			compatibilityVersion = "Xcode 9.3";
			developmentRegion = en;
			hasScannedForEncodings = 0;
			knownRegions = (
				en,
				Base,
			);
			mainGroup = 50FA149625AB6FA200D29F93;
			productRefGroup = 50FA14A025AB6FA200D29F93 /* Products */;
			projectDirPath = "";
			projectRoot = "";
			targets = (
				50FA149E25AB6FA200D29F93 /* PT FDS Albert */,
				50FA14B425AB6FA300D29F93 /* PT FDS AlbertTests */,
				50FA14BF25AB6FA300D29F93 /* PT FDS AlbertUITests */,
			);
		};
/* End PBXProject section */

/* Begin PBXResourcesBuildPhase section */
		50FA149D25AB6FA200D29F93 /* Resources */ = {
			isa = PBXResourcesBuildPhase;
			buildActionMask = 2147483647;
			files = (
				50FA14AF25AB6FA200D29F93 /* LaunchScreen.storyboard in Resources */,
				50FA14AC25AB6FA200D29F93 /* Assets.xcassets in Resources */,
				50FA14AA25AB6FA200D29F93 /* Main.storyboard in Resources */,
			);
			runOnlyForDeploymentPostprocessing = 0;
		};
		50FA14B325AB6FA300D29F93 /* Resources */ = {
			isa = PBXResourcesBuildPhase;
			buildActionMask = 2147483647;
			files = (
			);
			runOnlyForDeploymentPostprocessing = 0;
		};
		50FA14BE25AB6FA300D29F93 /* Resources */ = {
			isa = PBXResourcesBuildPhase;
			buildActionMask = 2147483647;
			files = (
			);
			runOnlyForDeploymentPostprocessing = 0;
		};
/* End PBXResourcesBuildPhase section */

/* Begin PBXSourcesBuildPhase section */
		50FA149B25AB6FA200D29F93 /* Sources */ = {
			isa = PBXSourcesBuildPhase;
			buildActionMask = 2147483647;
			files = (
				50FA14A725AB6FA200D29F93 /* ViewController.swift in Sources */,
				50FA14A325AB6FA200D29F93 /* AppDelegate.swift in Sources */,
				50FA14A525AB6FA200D29F93 /* SceneDelegate.swift in Sources */,
			);
			runOnlyForDeploymentPostprocessing = 0;
		};
		50FA14B125AB6FA300D29F93 /* Sources */ = {
			isa = PBXSourcesBuildPhase;
			buildActionMask = 2147483647;
			files = (
				50FA14BA25AB6FA300D29F93 /* PT_FDS_AlbertTests.swift in Sources */,
			);
			runOnlyForDeploymentPostprocessing = 0;
		};
		50FA14BC25AB6FA300D29F93 /* Sources */ = {
			isa = PBXSourcesBuildPhase;
			buildActionMask = 2147483647;
			files = (
				50FA14C525AB6FA300D29F93 /* PT_FDS_AlbertUITests.swift in Sources */,
			);
			runOnlyForDeploymentPostprocessing = 0;
		};
/* End PBXSourcesBuildPhase section */

/* Begin PBXTargetDependency section */
		50FA14B725AB6FA300D29F93 /* PBXTargetDependency */ = {
			isa = PBXTargetDependency;
			target = 50FA149E25AB6FA200D29F93 /* PT FDS Albert */;
			targetProxy = 50FA14B625AB6FA300D29F93 /* PBXContainerItemProxy */;
		};
		50FA14C225AB6FA300D29F93 /* PBXTargetDependency */ = {
			isa = PBXTargetDependency;
			target = 50FA149E25AB6FA200D29F93 /* PT FDS Albert */;
			targetProxy = 50FA14C125AB6FA300D29F93 /* PBXContainerItemProxy */;
		};
/* End PBXTargetDependency section */

/* Begin PBXVariantGroup section */
		50FA14A825AB6FA200D29F93 /* Main.storyboard */ = {
			isa = PBXVariantGroup;
			children = (
				50FA14A925AB6FA200D29F93 /* Base */,
			);
			name = Main.storyboard;
			sourceTree = "<group>";
		};
		50FA14AD25AB6FA200D29F93 /* LaunchScreen.storyboard */ = {
			isa = PBXVariantGroup;
			children = (
				50FA14AE25AB6FA200D29F93 /* Base */,
			);
			name = LaunchScreen.storyboard;
			sourceTree = "<group>";
		};
/* End PBXVariantGroup section */

/* Begin XCBuildConfiguration section */
		50FA14C725AB6FA300D29F93 /* Debug */ = {
			isa = XCBuildConfiguration;
			buildSettings = {
				ALWAYS_SEARCH_USER_PATHS = NO;
				CLANG_ANALYZER_NONNULL = YES;
				CLANG_ANALYZER_NUMBER_OBJECT_CONVERSION = YES_AGGRESSIVE;
				CLANG_CXX_LANGUAGE_STANDARD = "gnu++14";
				CLANG_CXX_LIBRARY = "libc++";
				CLANG_ENABLE_MODULES = YES;
				CLANG_ENABLE_OBJC_ARC = YES;
				CLANG_ENABLE_OBJC_WEAK = YES;
				CLANG_WARN_BLOCK_CAPTURE_AUTORELEASING = YES;
				CLANG_WARN_BOOL_CONVERSION = YES;
				CLANG_WARN_COMMA = YES;
				CLANG_WARN_CONSTANT_CONVERSION = YES;
				CLANG_WARN_DEPRECATED_OBJC_IMPLEMENTATIONS = YES;
				CLANG_WARN_DIRECT_OBJC_ISA_USAGE = YES_ERROR;
				CLANG_WARN_DOCUMENTATION_COMMENTS = YES;
				CLANG_WARN_EMPTY_BODY = YES;
				CLANG_WARN_ENUM_CONVERSION = YES;
				CLANG_WARN_INFINITE_RECURSION = YES;
				CLANG_WARN_INT_CONVERSION = YES;
				CLANG_WARN_NON_LITERAL_NULL_CONVERSION = YES;
				CLANG_WARN_OBJC_IMPLICIT_RETAIN_SELF = YES;
				CLANG_WARN_OBJC_LITERAL_CONVERSION = YES;
				CLANG_WARN_OBJC_ROOT_CLASS = YES_ERROR;
				CLANG_WARN_QUOTED_INCLUDE_IN_FRAMEWORK_HEADER = YES;
				CLANG_WARN_RANGE_LOOP_ANALYSIS = YES;
				CLANG_WARN_STRICT_PROTOTYPES = YES;
				CLANG_WARN_SUSPICIOUS_MOVE = YES;
				CLANG_WARN_UNGUARDED_AVAILABILITY = YES_AGGRESSIVE;
				CLANG_WARN_UNREACHABLE_CODE = YES;
				CLANG_WARN__DUPLICATE_METHOD_MATCH = YES;
				COPY_PHASE_STRIP = NO;
				DEBUG_INFORMATION_FORMAT = dwarf;
				ENABLE_STRICT_OBJC_MSGSEND = YES;
				ENABLE_TESTABILITY = YES;
				GCC_C_LANGUAGE_STANDARD = gnu11;
				GCC_DYNAMIC_NO_PIC = NO;
				GCC_NO_COMMON_BLOCKS = YES;
				GCC_OPTIMIZATION_LEVEL = 0;
				GCC_PREPROCESSOR_DEFINITIONS = (
					"DEBUG=1",
					"$(inherited)",
				);
				GCC_WARN_64_TO_32_BIT_CONVERSION = YES;
				GCC_WARN_ABOUT_RETURN_TYPE = YES_ERROR;
				GCC_WARN_UNDECLARED_SELECTOR = YES;
				GCC_WARN_UNINITIALIZED_AUTOS = YES_AGGRESSIVE;
				GCC_WARN_UNUSED_FUNCTION = YES;
				GCC_WARN_UNUSED_VARIABLE = YES;
				IPHONEOS_DEPLOYMENT_TARGET = 14.3;
				MTL_ENABLE_DEBUG_INFO = INCLUDE_SOURCE;
				MTL_FAST_MATH = YES;
				ONLY_ACTIVE_ARCH = YES;
				SDKROOT = iphoneos;
				SWIFT_ACTIVE_COMPILATION_CONDITIONS = DEBUG;
				SWIFT_OPTIMIZATION_LEVEL = "-Onone";
			};
			name = Debug;
		};
		50FA14C825AB6FA300D29F93 /* Release */ = {
			isa = XCBuildConfiguration;
			buildSettings = {
				ALWAYS_SEARCH_USER_PATHS = NO;
				CLANG_ANALYZER_NONNULL = YES;
				CLANG_ANALYZER_NUMBER_OBJECT_CONVERSION = YES_AGGRESSIVE;
				CLANG_CXX_LANGUAGE_STANDARD = "gnu++14";
				CLANG_CXX_LIBRARY = "libc++";
				CLANG_ENABLE_MODULES = YES;
				CLANG_ENABLE_OBJC_ARC = YES;
				CLANG_ENABLE_OBJC_WEAK = YES;
				CLANG_WARN_BLOCK_CAPTURE_AUTORELEASING = YES;
				CLANG_WARN_BOOL_CONVERSION = YES;
				CLANG_WARN_COMMA = YES;
				CLANG_WARN_CONSTANT_CONVERSION = YES;
				CLANG_WARN_DEPRECATED_OBJC_IMPLEMENTATIONS = YES;
				CLANG_WARN_DIRECT_OBJC_ISA_USAGE = YES_ERROR;
				CLANG_WARN_DOCUMENTATION_COMMENTS = YES;
				CLANG_WARN_EMPTY_BODY = YES;
				CLANG_WARN_ENUM_CONVERSION = YES;
				CLANG_WARN_INFINITE_RECURSION = YES;
				CLANG_WARN_INT_CONVERSION = YES;
				CLANG_WARN_NON_LITERAL_NULL_CONVERSION = YES;
				CLANG_WARN_OBJC_IMPLICIT_RETAIN_SELF = YES;
				CLANG_WARN_OBJC_LITERAL_CONVERSION = YES;
				CLANG_WARN_OBJC_ROOT_CLASS = YES_ERROR;
				CLANG_WARN_QUOTED_INCLUDE_IN_FRAMEWORK_HEADER = YES;
				CLANG_WARN_RANGE_LOOP_ANALYSIS = YES;
				CLANG_WARN_STRICT_PROTOTYPES = YES;
				CLANG_WARN_SUSPICIOUS_MOVE = YES;
				CLANG_WARN_UNGUARDED_AVAILABILITY = YES_AGGRESSIVE;
				CLANG_WARN_UNREACHABLE_CODE = YES;
				CLANG_WARN__DUPLICATE_METHOD_MATCH = YES;
				COPY_PHASE_STRIP = NO;
				DEBUG_INFORMATION_FORMAT = "dwarf-with-dsym";
				ENABLE_NS_ASSERTIONS = NO;
				ENABLE_STRICT_OBJC_MSGSEND = YES;
				GCC_C_LANGUAGE_STANDARD = gnu11;
				GCC_NO_COMMON_BLOCKS = YES;
				GCC_WARN_64_TO_32_BIT_CONVERSION = YES;
				GCC_WARN_ABOUT_RETURN_TYPE = YES_ERROR;
				GCC_WARN_UNDECLARED_SELECTOR = YES;
				GCC_WARN_UNINITIALIZED_AUTOS = YES_AGGRESSIVE;
				GCC_WARN_UNUSED_FUNCTION = YES;
				GCC_WARN_UNUSED_VARIABLE = YES;
				IPHONEOS_DEPLOYMENT_TARGET = 14.3;
				MTL_ENABLE_DEBUG_INFO = NO;
				MTL_FAST_MATH = YES;
				SDKROOT = iphoneos;
				SWIFT_COMPILATION_MODE = wholemodule;
				SWIFT_OPTIMIZATION_LEVEL = "-O";
				VALIDATE_PRODUCT = YES;
			};
			name = Release;
		};
		50FA14CA25AB6FA300D29F93 /* Debug */ = {
			isa = XCBuildConfiguration;
			buildSettings = {
				ASSETCATALOG_COMPILER_APPICON_NAME = AppIcon;
				ASSETCATALOG_COMPILER_GLOBAL_ACCENT_COLOR_NAME = AccentColor;
				CODE_SIGN_STYLE = Automatic;
				INFOPLIST_FILE = "PT FDS Albert/Info.plist";
				LD_RUNPATH_SEARCH_PATHS = (
					"$(inherited)",
					"@executable_path/Frameworks",
				);
				PRODUCT_BUNDLE_IDENTIFIER = "com.albert.fds.PT-FDS-Albert";
				PRODUCT_NAME = "$(TARGET_NAME)";
				SWIFT_VERSION = 5.0;
				TARGETED_DEVICE_FAMILY = "1,2";
			};
			name = Debug;
		};
		50FA14CB25AB6FA300D29F93 /* Release */ = {
			isa = XCBuildConfiguration;
			buildSettings = {
				ASSETCATALOG_COMPILER_APPICON_NAME = AppIcon;
				ASSETCATALOG_COMPILER_GLOBAL_ACCENT_COLOR_NAME = AccentColor;
				CODE_SIGN_STYLE = Automatic;
				INFOPLIST_FILE = "PT FDS Albert/Info.plist";
				LD_RUNPATH_SEARCH_PATHS = (
					"$(inherited)",
					"@executable_path/Frameworks",
				);
				PRODUCT_BUNDLE_IDENTIFIER = "com.albert.fds.PT-FDS-Albert";
				PRODUCT_NAME = "$(TARGET_NAME)";
				SWIFT_VERSION = 5.0;
				TARGETED_DEVICE_FAMILY = "1,2";
			};
			name = Release;
		};
		50FA14CD25AB6FA300D29F93 /* Debug */ = {
			isa = XCBuildConfiguration;
			buildSettings = {
				ALWAYS_EMBED_SWIFT_STANDARD_LIBRARIES = YES;
				BUNDLE_LOADER = "$(TEST_HOST)";
				CODE_SIGN_STYLE = Automatic;
				INFOPLIST_FILE = "PT FDS AlbertTests/Info.plist";
				IPHONEOS_DEPLOYMENT_TARGET = 14.3;
				LD_RUNPATH_SEARCH_PATHS = (
					"$(inherited)",
					"@executable_path/Frameworks",
					"@loader_path/Frameworks",
				);
				PRODUCT_BUNDLE_IDENTIFIER = "com.albert.fds.PT-FDS-AlbertTests";
				PRODUCT_NAME = "$(TARGET_NAME)";
				SWIFT_VERSION = 5.0;
				TARGETED_DEVICE_FAMILY = "1,2";
				TEST_HOST = "$(BUILT_PRODUCTS_DIR)/PT FDS Albert.app/PT FDS Albert";
			};
			name = Debug;
		};
		50FA14CE25AB6FA300D29F93 /* Release */ = {
			isa = XCBuildConfiguration;
			buildSettings = {
				ALWAYS_EMBED_SWIFT_STANDARD_LIBRARIES = YES;
				BUNDLE_LOADER = "$(TEST_HOST)";
				CODE_SIGN_STYLE = Automatic;
				INFOPLIST_FILE = "PT FDS AlbertTests/Info.plist";
				IPHONEOS_DEPLOYMENT_TARGET = 14.3;
				LD_RUNPATH_SEARCH_PATHS = (
					"$(inherited)",
					"@executable_path/Frameworks",
					"@loader_path/Frameworks",
				);
				PRODUCT_BUNDLE_IDENTIFIER = "com.albert.fds.PT-FDS-AlbertTests";
				PRODUCT_NAME = "$(TARGET_NAME)";
				SWIFT_VERSION = 5.0;
				TARGETED_DEVICE_FAMILY = "1,2";
				TEST_HOST = "$(BUILT_PRODUCTS_DIR)/PT FDS Albert.app/PT FDS Albert";
			};
			name = Release;
		};
		50FA14D025AB6FA300D29F93 /* Debug */ = {
			isa = XCBuildConfiguration;
			buildSettings = {
				ALWAYS_EMBED_SWIFT_STANDARD_LIBRARIES = YES;
				CODE_SIGN_STYLE = Automatic;
				INFOPLIST_FILE = "PT FDS AlbertUITests/Info.plist";
				LD_RUNPATH_SEARCH_PATHS = (
					"$(inherited)",
					"@executable_path/Frameworks",
					"@loader_path/Frameworks",
				);
				PRODUCT_BUNDLE_IDENTIFIER = "com.albert.fds.PT-FDS-AlbertUITests";
				PRODUCT_NAME = "$(TARGET_NAME)";
				SWIFT_VERSION = 5.0;
				TARGETED_DEVICE_FAMILY = "1,2";
				TEST_TARGET_NAME = "PT FDS Albert";
			};
			name = Debug;
		};
		50FA14D125AB6FA300D29F93 /* Release */ = {
			isa = XCBuildConfiguration;
			buildSettings = {
				ALWAYS_EMBED_SWIFT_STANDARD_LIBRARIES = YES;
				CODE_SIGN_STYLE = Automatic;
				INFOPLIST_FILE = "PT FDS AlbertUITests/Info.plist";
				LD_RUNPATH_SEARCH_PATHS = (
					"$(inherited)",
					"@executable_path/Frameworks",
					"@loader_path/Frameworks",
				);
				PRODUCT_BUNDLE_IDENTIFIER = "com.albert.fds.PT-FDS-AlbertUITests";
				PRODUCT_NAME = "$(TARGET_NAME)";
				SWIFT_VERSION = 5.0;
				TARGETED_DEVICE_FAMILY = "1,2";
				TEST_TARGET_NAME = "PT FDS Albert";
			};
			name = Release;
		};
/* End XCBuildConfiguration section */

/* Begin XCConfigurationList section */
		50FA149A25AB6FA200D29F93 /* Build configuration list for PBXProject "PT FDS Albert" */ = {
			isa = XCConfigurationList;
			buildConfigurations = (
				50FA14C725AB6FA300D29F93 /* Debug */,
				50FA14C825AB6FA300D29F93 /* Release */,
			);
			defaultConfigurationIsVisible = 0;
			defaultConfigurationName = Release;
		};
		50FA14C925AB6FA300D29F93 /* Build configuration list for PBXNativeTarget "PT FDS Albert" */ = {
			isa = XCConfigurationList;
			buildConfigurations = (
				50FA14CA25AB6FA300D29F93 /* Debug */,
				50FA14CB25AB6FA300D29F93 /* Release */,
			);
			defaultConfigurationIsVisible = 0;
			defaultConfigurationName = Release;
		};
		50FA14CC25AB6FA300D29F93 /* Build configuration list for PBXNativeTarget "PT FDS AlbertTests" */ = {
			isa = XCConfigurationList;
			buildConfigurations = (
				50FA14CD25AB6FA300D29F93 /* Debug */,
				50FA14CE25AB6FA300D29F93 /* Release */,
			);
			defaultConfigurationIsVisible = 0;
			defaultConfigurationName = Release;
		};
		50FA14CF25AB6FA300D29F93 /* Build configuration list for PBXNativeTarget "PT FDS AlbertUITests" */ = {
			isa = XCConfigurationList;
			buildConfigurations = (
				50FA14D025AB6FA300D29F93 /* Debug */,
				50FA14D125AB6FA300D29F93 /* Release */,
			);
			defaultConfigurationIsVisible = 0;
			defaultConfigurationName = Release;
		};
/* End XCConfigurationList section */
	};
	rootObject = 50FA149725AB6FA200D29F93 /* Project object */;
}
